// !$*UTF8*$!
{
	archiveVersion = 1;
	classes = {
	};
	objectVersion = 55;
	objects = {

/* Begin PBXBuildFile section */
		9F8303472762C2860030A887 /* TestCoreDateProjectApp.swift in Sources */ = {isa = PBXBuildFile; fileRef = 9F8303462762C2860030A887 /* TestCoreDateProjectApp.swift */; };
		9F8303492762C2860030A887 /* ContentView.swift in Sources */ = {isa = PBXBuildFile; fileRef = 9F8303482762C2860030A887 /* ContentView.swift */; };
		9F83034B2762C28A0030A887 /* Assets.xcassets in Resources */ = {isa = PBXBuildFile; fileRef = 9F83034A2762C28A0030A887 /* Assets.xcassets */; };
		9F83034E2762C28A0030A887 /* Preview Assets.xcassets in Resources */ = {isa = PBXBuildFile; fileRef = 9F83034D2762C28A0030A887 /* Preview Assets.xcassets */; };
		9F8303562762C3AE0030A887 /* TestCoreDataProject.xcdatamodeld in Sources */ = {isa = PBXBuildFile; fileRef = 9F8303542762C3AE0030A887 /* TestCoreDataProject.xcdatamodeld */; };
		9F8303592762C4520030A887 /* Movie+CoreDataClass.swift in Sources */ = {isa = PBXBuildFile; fileRef = 9F8303572762C4520030A887 /* Movie+CoreDataClass.swift */; };
		9F83035A2762C4520030A887 /* Movie+CoreDataProperties.swift in Sources */ = {isa = PBXBuildFile; fileRef = 9F8303582762C4520030A887 /* Movie+CoreDataProperties.swift */; };
		9F83035C2762C67D0030A887 /* DataController.swift in Sources */ = {isa = PBXBuildFile; fileRef = 9F83035B2762C67C0030A887 /* DataController.swift */; };
/* End PBXBuildFile section */

/* Begin PBXFileReference section */
		9F8303432762C2860030A887 /* TestCoreDateProject.app */ = {isa = PBXFileReference; explicitFileType = wrapper.application; includeInIndex = 0; path = TestCoreDateProject.app; sourceTree = BUILT_PRODUCTS_DIR; };
		9F8303462762C2860030A887 /* TestCoreDateProjectApp.swift */ = {isa = PBXFileReference; lastKnownFileType = sourcecode.swift; path = TestCoreDateProjectApp.swift; sourceTree = "<group>"; };
		9F8303482762C2860030A887 /* ContentView.swift */ = {isa = PBXFileReference; lastKnownFileType = sourcecode.swift; path = ContentView.swift; sourceTree = "<group>"; };
		9F83034A2762C28A0030A887 /* Assets.xcassets */ = {isa = PBXFileReference; lastKnownFileType = folder.assetcatalog; path = Assets.xcassets; sourceTree = "<group>"; };
		9F83034D2762C28A0030A887 /* Preview Assets.xcassets */ = {isa = PBXFileReference; lastKnownFileType = folder.assetcatalog; path = "Preview Assets.xcassets"; sourceTree = "<group>"; };
		9F8303552762C3AE0030A887 /* TestCoreDataProject.xcdatamodel */ = {isa = PBXFileReference; lastKnownFileType = wrapper.xcdatamodel; path = TestCoreDataProject.xcdatamodel; sourceTree = "<group>"; };
		9F8303572762C4520030A887 /* Movie+CoreDataClass.swift */ = {isa = PBXFileReference; lastKnownFileType = sourcecode.swift; path = "Movie+CoreDataClass.swift"; sourceTree = SOURCE_ROOT; };
		9F8303582762C4520030A887 /* Movie+CoreDataProperties.swift */ = {isa = PBXFileReference; lastKnownFileType = sourcecode.swift; path = "Movie+CoreDataProperties.swift"; sourceTree = SOURCE_ROOT; };
		9F83035B2762C67C0030A887 /* DataController.swift */ = {isa = PBXFileReference; lastKnownFileType = sourcecode.swift; path = DataController.swift; sourceTree = "<group>"; };
/* End PBXFileReference section */

/* Begin PBXFrameworksBuildPhase section */
		9F8303402762C2860030A887 /* Frameworks */ = {
			isa = PBXFrameworksBuildPhase;
			buildActionMask = 2147483647;
			files = (
			);
			runOnlyForDeploymentPostprocessing = 0;
		};
/* End PBXFrameworksBuildPhase section */

/* Begin PBXGroup section */
		9F83033A2762C2860030A887 = {
			isa = PBXGroup;
			children = (
				9F8303452762C2860030A887 /* TestCoreDateProject */,
				9F8303442762C2860030A887 /* Products */,
			);
			sourceTree = "<group>";
		};
		9F8303442762C2860030A887 /* Products */ = {
			isa = PBXGroup;
			children = (
				9F8303432762C2860030A887 /* TestCoreDateProject.app */,
			);
			name = Products;
			sourceTree = "<group>";
		};
		9F8303452762C2860030A887 /* TestCoreDateProject */ = {
			isa = PBXGroup;
			children = (
				9F8303572762C4520030A887 /* Movie+CoreDataClass.swift */,
				9F8303582762C4520030A887 /* Movie+CoreDataProperties.swift */,
				9F8303462762C2860030A887 /* TestCoreDateProjectApp.swift */,
				9F8303482762C2860030A887 /* ContentView.swift */,
				9F83035B2762C67C0030A887 /* DataController.swift */,
				9F8303542762C3AE0030A887 /* TestCoreDataProject.xcdatamodeld */,
				9F83034A2762C28A0030A887 /* Assets.xcassets */,
				9F83034C2762C28A0030A887 /* Preview Content */,
			);
			path = TestCoreDateProject;
			sourceTree = "<group>";
		};
		9F83034C2762C28A0030A887 /* Preview Content */ = {
			isa = PBXGroup;
			children = (
				9F83034D2762C28A0030A887 /* Preview Assets.xcassets */,
			);
			path = "Preview Content";
			sourceTree = "<group>";
		};
/* End PBXGroup section */

/* Begin PBXNativeTarget section */
		9F8303422762C2860030A887 /* TestCoreDateProject */ = {
			isa = PBXNativeTarget;
			buildConfigurationList = 9F8303512762C28A0030A887 /* Build configuration list for PBXNativeTarget "TestCoreDateProject" */;
			buildPhases = (
				9F83033F2762C2860030A887 /* Sources */,
				9F8303402762C2860030A887 /* Frameworks */,
				9F8303412762C2860030A887 /* Resources */,
			);
			buildRules = (
			);
			dependencies = (
			);
			name = TestCoreDateProject;
			productName = TestCoreDateProject;
			productReference = 9F8303432762C2860030A887 /* TestCoreDateProject.app */;
			productType = "com.apple.product-type.application";
		};
/* End PBXNativeTarget section */

/* Begin PBXProject section */
		9F83033B2762C2860030A887 /* Project object */ = {
			isa = PBXProject;
			attributes = {
				BuildIndependentTargetsInParallel = 1;
				LastSwiftUpdateCheck = 1310;
				LastUpgradeCheck = 1310;
				TargetAttributes = {
					9F8303422762C2860030A887 = {
						CreatedOnToolsVersion = 13.1;
					};
				};
			};
			buildConfigurationList = 9F83033E2762C2860030A887 /* Build configuration list for PBXProject "TestCoreDateProject" */;
			compatibilityVersion = "Xcode 13.0";
			developmentRegion = en;
			hasScannedForEncodings = 0;
			knownRegions = (
				en,
				Base,
			);
			mainGroup = 9F83033A2762C2860030A887;
			productRefGroup = 9F8303442762C2860030A887 /* Products */;
			projectDirPath = "";
			projectRoot = "";
			targets = (
				9F8303422762C2860030A887 /* TestCoreDateProject */,
			);
		};
/* End PBXProject section */

/* Begin PBXResourcesBuildPhase section */
		9F8303412762C2860030A887 /* Resources */ = {
			isa = PBXResourcesBuildPhase;
			buildActionMask = 2147483647;
			files = (
				9F83034E2762C28A0030A887 /* Preview Assets.xcassets in Resources */,
				9F83034B2762C28A0030A887 /* Assets.xcassets in Resources */,
			);
			runOnlyForDeploymentPostprocessing = 0;
		};
/* End PBXResourcesBuildPhase section */

/* Begin PBXSourcesBuildPhase section */
		9F83033F2762C2860030A887 /* Sources */ = {
			isa = PBXSourcesBuildPhase;
			buildActionMask = 2147483647;
			files = (
				9F8303592762C4520030A887 /* Movie+CoreDataClass.swift in Sources */,
				9F83035C2762C67D0030A887 /* DataController.swift in Sources */,
				9F83035A2762C4520030A887 /* Movie+CoreDataProperties.swift in Sources */,
				9F8303492762C2860030A887 /* ContentView.swift in Sources */,
				9F8303472762C2860030A887 /* TestCoreDateProjectApp.swift in Sources */,
				9F8303562762C3AE0030A887 /* TestCoreDataProject.xcdatamodeld in Sources */,
			);
			runOnlyForDeploymentPostprocessing = 0;
		};
/* End PBXSourcesBuildPhase section */

/* Begin XCBuildConfiguration section */
		9F83034F2762C28A0030A887 /* Debug */ = {
			isa = XCBuildConfiguration;
			buildSettings = {
				ALWAYS_SEARCH_USER_PATHS = NO;
				CLANG_ANALYZER_NONNULL = YES;
				CLANG_ANALYZER_NUMBER_OBJECT_CONVERSION = YES_AGGRESSIVE;
				CLANG_CXX_LANGUAGE_STANDARD = "gnu++17";
				CLANG_CXX_LIBRARY = "libc++";
				CLANG_ENABLE_MODULES = YES;
				CLANG_ENABLE_OBJC_ARC = YES;
				CLANG_ENABLE_OBJC_WEAK = YES;
				CLANG_WARN_BLOCK_CAPTURE_AUTORELEASING = YES;
				CLANG_WARN_BOOL_CONVERSION = YES;
				CLANG_WARN_COMMA = YES;
				CLANG_WARN_CONSTANT_CONVERSION = YES;
				CLANG_WARN_DEPRECATED_OBJC_IMPLEMENTATIONS = YES;
				CLANG_WARN_DIRECT_OBJC_ISA_USAGE = YES_ERROR;
				CLANG_WARN_DOCUMENTATION_COMMENTS = YES;
				CLANG_WARN_EMPTY_BODY = YES;
				CLANG_WARN_ENUM_CONVERSION = YES;
				CLANG_WARN_INFINITE_RECURSION = YES;
				CLANG_WARN_INT_CONVERSION = YES;
				CLANG_WARN_NON_LITERAL_NULL_CONVERSION = YES;
				CLANG_WARN_OBJC_IMPLICIT_RETAIN_SELF = YES;
				CLANG_WARN_OBJC_LITERAL_CONVERSION = YES;
				CLANG_WARN_OBJC_ROOT_CLASS = YES_ERROR;
				CLANG_WARN_QUOTED_INCLUDE_IN_FRAMEWORK_HEADER = YES;
				CLANG_WARN_RANGE_LOOP_ANALYSIS = YES;
				CLANG_WARN_STRICT_PROTOTYPES = YES;
				CLANG_WARN_SUSPICIOUS_MOVE = YES;
				CLANG_WARN_UNGUARDED_AVAILABILITY = YES_AGGRESSIVE;
				CLANG_WARN_UNREACHABLE_CODE = YES;
				CLANG_WARN__DUPLICATE_METHOD_MATCH = YES;
				COPY_PHASE_STRIP = NO;
				DEBUG_INFORMATION_FORMAT = dwarf;
				ENABLE_STRICT_OBJC_MSGSEND = YES;
				ENABLE_TESTABILITY = YES;
				GCC_C_LANGUAGE_STANDARD = gnu11;
				GCC_DYNAMIC_NO_PIC = NO;
				GCC_NO_COMMON_BLOCKS = YES;
				GCC_OPTIMIZATION_LEVEL = 0;
				GCC_PREPROCESSOR_DEFINITIONS = (
					"DEBUG=1",
					"$(inherited)",
				);
				GCC_WARN_64_TO_32_BIT_CONVERSION = YES;
				GCC_WARN_ABOUT_RETURN_TYPE = YES_ERROR;
				GCC_WARN_UNDECLARED_SELECTOR = YES;
				GCC_WARN_UNINITIALIZED_AUTOS = YES_AGGRESSIVE;
				GCC_WARN_UNUSED_FUNCTION = YES;
				GCC_WARN_UNUSED_VARIABLE = YES;
				IPHONEOS_DEPLOYMENT_TARGET = 15.0;
				MTL_ENABLE_DEBUG_INFO = INCLUDE_SOURCE;
				MTL_FAST_MATH = YES;
				ONLY_ACTIVE_ARCH = YES;
				SDKROOT = iphoneos;
				SWIFT_ACTIVE_COMPILATION_CONDITIONS = DEBUG;
				SWIFT_OPTIMIZATION_LEVEL = "-Onone";
			};
			name = Debug;
		};
		9F8303502762C28A0030A887 /* Release */ = {
			isa = XCBuildConfiguration;
			buildSettings = {
				ALWAYS_SEARCH_USER_PATHS = NO;
				CLANG_ANALYZER_NONNULL = YES;
				CLANG_ANALYZER_NUMBER_OBJECT_CONVERSION = YES_AGGRESSIVE;
				CLANG_CXX_LANGUAGE_STANDARD = "gnu++17";
				CLANG_CXX_LIBRARY = "libc++";
				CLANG_ENABLE_MODULES = YES;
				CLANG_ENABLE_OBJC_ARC = YES;
				CLANG_ENABLE_OBJC_WEAK = YES;
				CLANG_WARN_BLOCK_CAPTURE_AUTORELEASING = YES;
				CLANG_WARN_BOOL_CONVERSION = YES;
				CLANG_WARN_COMMA = YES;
				CLANG_WARN_CONSTANT_CONVERSION = YES;
				CLANG_WARN_DEPRECATED_OBJC_IMPLEMENTATIONS = YES;
				CLANG_WARN_DIRECT_OBJC_ISA_USAGE = YES_ERROR;
				CLANG_WARN_DOCUMENTATION_COMMENTS = YES;
				CLANG_WARN_EMPTY_BODY = YES;
				CLANG_WARN_ENUM_CONVERSION = YES;
				CLANG_WARN_INFINITE_RECURSION = YES;
				CLANG_WARN_INT_CONVERSION = YES;
				CLANG_WARN_NON_LITERAL_NULL_CONVERSION = YES;
				CLANG_WARN_OBJC_IMPLICIT_RETAIN_SELF = YES;
				CLANG_WARN_OBJC_LITERAL_CONVERSION = YES;
				CLANG_WARN_OBJC_ROOT_CLASS = YES_ERROR;
				CLANG_WARN_QUOTED_INCLUDE_IN_FRAMEWORK_HEADER = YES;
				CLANG_WARN_RANGE_LOOP_ANALYSIS = YES;
				CLANG_WARN_STRICT_PROTOTYPES = YES;
				CLANG_WARN_SUSPICIOUS_MOVE = YES;
				CLANG_WARN_UNGUARDED_AVAILABILITY = YES_AGGRESSIVE;
				CLANG_WARN_UNREACHABLE_CODE = YES;
				CLANG_WARN__DUPLICATE_METHOD_MATCH = YES;
				COPY_PHASE_STRIP = NO;
				DEBUG_INFORMATION_FORMAT = "dwarf-with-dsym";
				ENABLE_NS_ASSERTIONS = NO;
				ENABLE_STRICT_OBJC_MSGSEND = YES;
				GCC_C_LANGUAGE_STANDARD = gnu11;
				GCC_NO_COMMON_BLOCKS = YES;
				GCC_WARN_64_TO_32_BIT_CONVERSION = YES;
				GCC_WARN_ABOUT_RETURN_TYPE = YES_ERROR;
				GCC_WARN_UNDECLARED_SELECTOR = YES;
				GCC_WARN_UNINITIALIZED_AUTOS = YES_AGGRESSIVE;
				GCC_WARN_UNUSED_FUNCTION = YES;
				GCC_WARN_UNUSED_VARIABLE = YES;
				IPHONEOS_DEPLOYMENT_TARGET = 15.0;
				MTL_ENABLE_DEBUG_INFO = NO;
				MTL_FAST_MATH = YES;
				SDKROOT = iphoneos;
				SWIFT_COMPILATION_MODE = wholemodule;
				SWIFT_OPTIMIZATION_LEVEL = "-O";
				VALIDATE_PRODUCT = YES;
			};
			name = Release;
		};
		9F8303522762C28A0030A887 /* Debug */ = {
			isa = XCBuildConfiguration;
			buildSettings = {
				ASSETCATALOG_COMPILER_APPICON_NAME = AppIcon;
				ASSETCATALOG_COMPILER_GLOBAL_ACCENT_COLOR_NAME = AccentColor;
				CODE_SIGN_STYLE = Automatic;
				CURRENT_PROJECT_VERSION = 1;
				DEVELOPMENT_ASSET_PATHS = "\"TestCoreDateProject/Preview Content\"";
				DEVELOPMENT_TEAM = J9T7CX8U3Q;
				ENABLE_PREVIEWS = YES;
				GENERATE_INFOPLIST_FILE = YES;
				INFOPLIST_KEY_UIApplicationSceneManifest_Generation = YES;
				INFOPLIST_KEY_UIApplicationSupportsIndirectInputEvents = YES;
				INFOPLIST_KEY_UILaunchScreen_Generation = YES;
				INFOPLIST_KEY_UISupportedInterfaceOrientations_iPad = "UIInterfaceOrientationPortrait UIInterfaceOrientationPortraitUpsideDown UIInterfaceOrientationLandscapeLeft UIInterfaceOrientationLandscapeRight";
				INFOPLIST_KEY_UISupportedInterfaceOrientations_iPhone = "UIInterfaceOrientationPortrait UIInterfaceOrientationLandscapeLeft UIInterfaceOrientationLandscapeRight";
				LD_RUNPATH_SEARCH_PATHS = (
					"$(inherited)",
					"@executable_path/Frameworks",
				);
				MARKETING_VERSION = 1.0;
				PRODUCT_BUNDLE_IDENTIFIER = zwitschki.TestCoreDateProject;
				PRODUCT_NAME = "$(TARGET_NAME)";
				SWIFT_EMIT_LOC_STRINGS = YES;
				SWIFT_VERSION = 5.0;
				TARGETED_DEVICE_FAMILY = "1,2";
			};
			name = Debug;
		};
		9F8303532762C28A0030A887 /* Release */ = {
			isa = XCBuildConfiguration;
			buildSettings = {
				ASSETCATALOG_COMPILER_APPICON_NAME = AppIcon;
				ASSETCATALOG_COMPILER_GLOBAL_ACCENT_COLOR_NAME = AccentColor;
				CODE_SIGN_STYLE = Automatic;
				CURRENT_PROJECT_VERSION = 1;
				DEVELOPMENT_ASSET_PATHS = "\"TestCoreDateProject/Preview Content\"";
				DEVELOPMENT_TEAM = J9T7CX8U3Q;
				ENABLE_PREVIEWS = YES;
				GENERATE_INFOPLIST_FILE = YES;
				INFOPLIST_KEY_UIApplicationSceneManifest_Generation = YES;
				INFOPLIST_KEY_UIApplicationSupportsIndirectInputEvents = YES;
				INFOPLIST_KEY_UILaunchScreen_Generation = YES;
				INFOPLIST_KEY_UISupportedInterfaceOrientations_iPad = "UIInterfaceOrientationPortrait UIInterfaceOrientationPortraitUpsideDown UIInterfaceOrientationLandscapeLeft UIInterfaceOrientationLandscapeRight";
				INFOPLIST_KEY_UISupportedInterfaceOrientations_iPhone = "UIInterfaceOrientationPortrait UIInterfaceOrientationLandscapeLeft UIInterfaceOrientationLandscapeRight";
				LD_RUNPATH_SEARCH_PATHS = (
					"$(inherited)",
					"@executable_path/Frameworks",
				);
				MARKETING_VERSION = 1.0;
				PRODUCT_BUNDLE_IDENTIFIER = zwitschki.TestCoreDateProject;
				PRODUCT_NAME = "$(TARGET_NAME)";
				SWIFT_EMIT_LOC_STRINGS = YES;
				SWIFT_VERSION = 5.0;
				TARGETED_DEVICE_FAMILY = "1,2";
			};
			name = Release;
		};
/* End XCBuildConfiguration section */

/* Begin XCConfigurationList section */
		9F83033E2762C2860030A887 /* Build configuration list for PBXProject "TestCoreDateProject" */ = {
			isa = XCConfigurationList;
			buildConfigurations = (
				9F83034F2762C28A0030A887 /* Debug */,
				9F8303502762C28A0030A887 /* Release */,
			);
			defaultConfigurationIsVisible = 0;
			defaultConfigurationName = Release;
		};
		9F8303512762C28A0030A887 /* Build configuration list for PBXNativeTarget "TestCoreDateProject" */ = {
			isa = XCConfigurationList;
			buildConfigurations = (
				9F8303522762C28A0030A887 /* Debug */,
				9F8303532762C28A0030A887 /* Release */,
			);
			defaultConfigurationIsVisible = 0;
			defaultConfigurationName = Release;
		};
/* End XCConfigurationList section */

/* Begin XCVersionGroup section */
		9F8303542762C3AE0030A887 /* TestCoreDataProject.xcdatamodeld */ = {
			isa = XCVersionGroup;
			children = (
				9F8303552762C3AE0030A887 /* TestCoreDataProject.xcdatamodel */,
			);
			currentVersion = 9F8303552762C3AE0030A887 /* TestCoreDataProject.xcdatamodel */;
			path = TestCoreDataProject.xcdatamodeld;
			sourceTree = "<group>";
			versionGroupType = wrapper.xcdatamodel;
		};
/* End XCVersionGroup section */
	};
	rootObject = 9F83033B2762C2860030A887 /* Project object */;
}
