// !$*UTF8*$!
{
	archiveVersion = 1;
	classes = {
	};
	objectVersion = 55;
	objects = {

/* Begin PBXBuildFile section */
		9F8D1165289C74C800C06564 /* MapViewModel.swift in Sources */ = {isa = PBXBuildFile; fileRef = 9F8D1164289C74C800C06564 /* MapViewModel.swift */; };
		9FAB4BEF2895E28300364AC0 /* PhotoGalleryApp.swift in Sources */ = {isa = PBXBuildFile; fileRef = 9FAB4BEE2895E28300364AC0 /* PhotoGalleryApp.swift */; };
		9FAB4BF12895E28300364AC0 /* ContentView.swift in Sources */ = {isa = PBXBuildFile; fileRef = 9FAB4BF02895E28300364AC0 /* ContentView.swift */; };
		9FAB4BF32895E28400364AC0 /* Assets.xcassets in Resources */ = {isa = PBXBuildFile; fileRef = 9FAB4BF22895E28400364AC0 /* Assets.xcassets */; };
		9FAB4BF62895E28400364AC0 /* Preview Assets.xcassets in Resources */ = {isa = PBXBuildFile; fileRef = 9FAB4BF52895E28400364AC0 /* Preview Assets.xcassets */; };
		9FAB4BFD2895E2A800364AC0 /* PhotoModel.swift in Sources */ = {isa = PBXBuildFile; fileRef = 9FAB4BFC2895E2A800364AC0 /* PhotoModel.swift */; };
		9FAB4BFF2895E4DC00364AC0 /* GalleryView.swift in Sources */ = {isa = PBXBuildFile; fileRef = 9FAB4BFE2895E4DC00364AC0 /* GalleryView.swift */; };
		9FAB4C012895E52B00364AC0 /* PhotoViewModel.swift in Sources */ = {isa = PBXBuildFile; fileRef = 9FAB4C002895E52B00364AC0 /* PhotoViewModel.swift */; };
		9FD5F776289725F40058A543 /* ImagePicker.swift in Sources */ = {isa = PBXBuildFile; fileRef = 9FD5F775289725F40058A543 /* ImagePicker.swift */; };
		9FD5F778289728740058A543 /* FileManager-DocumentsDirectory.swift in Sources */ = {isa = PBXBuildFile; fileRef = 9FD5F777289728740058A543 /* FileManager-DocumentsDirectory.swift */; };
		9FD5F77A289732C20058A543 /* AddView.swift in Sources */ = {isa = PBXBuildFile; fileRef = 9FD5F779289732C20058A543 /* AddView.swift */; };
		9FD5F77F2899AC880058A543 /* EditView.swift in Sources */ = {isa = PBXBuildFile; fileRef = 9FD5F77E2899AC880058A543 /* EditView.swift */; };
/* End PBXBuildFile section */

/* Begin PBXFileReference section */
		9F8D1164289C74C800C06564 /* MapViewModel.swift */ = {isa = PBXFileReference; lastKnownFileType = sourcecode.swift; path = MapViewModel.swift; sourceTree = "<group>"; };
		9FAB4BEB2895E28300364AC0 /* PhotoGallery.app */ = {isa = PBXFileReference; explicitFileType = wrapper.application; includeInIndex = 0; path = PhotoGallery.app; sourceTree = BUILT_PRODUCTS_DIR; };
		9FAB4BEE2895E28300364AC0 /* PhotoGalleryApp.swift */ = {isa = PBXFileReference; lastKnownFileType = sourcecode.swift; path = PhotoGalleryApp.swift; sourceTree = "<group>"; };
		9FAB4BF02895E28300364AC0 /* ContentView.swift */ = {isa = PBXFileReference; lastKnownFileType = sourcecode.swift; path = ContentView.swift; sourceTree = "<group>"; };
		9FAB4BF22895E28400364AC0 /* Assets.xcassets */ = {isa = PBXFileReference; lastKnownFileType = folder.assetcatalog; path = Assets.xcassets; sourceTree = "<group>"; };
		9FAB4BF52895E28400364AC0 /* Preview Assets.xcassets */ = {isa = PBXFileReference; lastKnownFileType = folder.assetcatalog; path = "Preview Assets.xcassets"; sourceTree = "<group>"; };
		9FAB4BFC2895E2A800364AC0 /* PhotoModel.swift */ = {isa = PBXFileReference; lastKnownFileType = sourcecode.swift; path = PhotoModel.swift; sourceTree = "<group>"; };
		9FAB4BFE2895E4DC00364AC0 /* GalleryView.swift */ = {isa = PBXFileReference; lastKnownFileType = sourcecode.swift; path = GalleryView.swift; sourceTree = "<group>"; };
		9FAB4C002895E52B00364AC0 /* PhotoViewModel.swift */ = {isa = PBXFileReference; lastKnownFileType = sourcecode.swift; path = PhotoViewModel.swift; sourceTree = "<group>"; };
		9FD5F775289725F40058A543 /* ImagePicker.swift */ = {isa = PBXFileReference; lastKnownFileType = sourcecode.swift; path = ImagePicker.swift; sourceTree = "<group>"; };
		9FD5F777289728740058A543 /* FileManager-DocumentsDirectory.swift */ = {isa = PBXFileReference; lastKnownFileType = sourcecode.swift; path = "FileManager-DocumentsDirectory.swift"; sourceTree = "<group>"; };
		9FD5F779289732C20058A543 /* AddView.swift */ = {isa = PBXFileReference; lastKnownFileType = sourcecode.swift; path = AddView.swift; sourceTree = "<group>"; };
		9FD5F77E2899AC880058A543 /* EditView.swift */ = {isa = PBXFileReference; lastKnownFileType = sourcecode.swift; path = EditView.swift; sourceTree = "<group>"; };
/* End PBXFileReference section */

/* Begin PBXFrameworksBuildPhase section */
		9FAB4BE82895E28300364AC0 /* Frameworks */ = {
			isa = PBXFrameworksBuildPhase;
			buildActionMask = 2147483647;
			files = (
			);
			runOnlyForDeploymentPostprocessing = 0;
		};
/* End PBXFrameworksBuildPhase section */

/* Begin PBXGroup section */
		9FAB4BE22895E28300364AC0 = {
			isa = PBXGroup;
			children = (
				9FD5F775289725F40058A543 /* ImagePicker.swift */,
				9FAB4BED2895E28300364AC0 /* PhotoGallery */,
				9FAB4BEC2895E28300364AC0 /* Products */,
			);
			sourceTree = "<group>";
		};
		9FAB4BEC2895E28300364AC0 /* Products */ = {
			isa = PBXGroup;
			children = (
				9FAB4BEB2895E28300364AC0 /* PhotoGallery.app */,
			);
			name = Products;
			sourceTree = "<group>";
		};
		9FAB4BED2895E28300364AC0 /* PhotoGallery */ = {
			isa = PBXGroup;
			children = (
				9FAB4BEE2895E28300364AC0 /* PhotoGalleryApp.swift */,
				9FD5F77B289732CB0058A543 /* Model */,
				9FD5F77C289732D10058A543 /* ViewModel */,
				9FD5F77D289732D50058A543 /* View */,
				9FAB4BF22895E28400364AC0 /* Assets.xcassets */,
				9FAB4BF42895E28400364AC0 /* Preview Content */,
			);
			path = PhotoGallery;
			sourceTree = "<group>";
		};
		9FAB4BF42895E28400364AC0 /* Preview Content */ = {
			isa = PBXGroup;
			children = (
				9FAB4BF52895E28400364AC0 /* Preview Assets.xcassets */,
			);
			path = "Preview Content";
			sourceTree = "<group>";
		};
		9FD5F77B289732CB0058A543 /* Model */ = {
			isa = PBXGroup;
			children = (
				9FAB4BFC2895E2A800364AC0 /* PhotoModel.swift */,
			);
			path = Model;
			sourceTree = "<group>";
		};
		9FD5F77C289732D10058A543 /* ViewModel */ = {
			isa = PBXGroup;
			children = (
				9FAB4C002895E52B00364AC0 /* PhotoViewModel.swift */,
				9F8D1164289C74C800C06564 /* MapViewModel.swift */,
				9FD5F777289728740058A543 /* FileManager-DocumentsDirectory.swift */,
			);
			path = ViewModel;
			sourceTree = "<group>";
		};
		9FD5F77D289732D50058A543 /* View */ = {
			isa = PBXGroup;
			children = (
				9FAB4BF02895E28300364AC0 /* ContentView.swift */,
				9FAB4BFE2895E4DC00364AC0 /* GalleryView.swift */,
				9FD5F779289732C20058A543 /* AddView.swift */,
				9FD5F77E2899AC880058A543 /* EditView.swift */,
			);
			path = View;
			sourceTree = "<group>";
		};
/* End PBXGroup section */

/* Begin PBXNativeTarget section */
		9FAB4BEA2895E28300364AC0 /* PhotoGallery */ = {
			isa = PBXNativeTarget;
			buildConfigurationList = 9FAB4BF92895E28400364AC0 /* Build configuration list for PBXNativeTarget "PhotoGallery" */;
			buildPhases = (
				9FAB4BE72895E28300364AC0 /* Sources */,
				9FAB4BE82895E28300364AC0 /* Frameworks */,
				9FAB4BE92895E28300364AC0 /* Resources */,
			);
			buildRules = (
			);
			dependencies = (
			);
			name = PhotoGallery;
			productName = PhotoGallery;
			productReference = 9FAB4BEB2895E28300364AC0 /* PhotoGallery.app */;
			productType = "com.apple.product-type.application";
		};
/* End PBXNativeTarget section */

/* Begin PBXProject section */
		9FAB4BE32895E28300364AC0 /* Project object */ = {
			isa = PBXProject;
			attributes = {
				BuildIndependentTargetsInParallel = 1;
				LastSwiftUpdateCheck = 1330;
				LastUpgradeCheck = 1330;
				TargetAttributes = {
					9FAB4BEA2895E28300364AC0 = {
						CreatedOnToolsVersion = 13.3;
					};
				};
			};
			buildConfigurationList = 9FAB4BE62895E28300364AC0 /* Build configuration list for PBXProject "PhotoGallery" */;
			compatibilityVersion = "Xcode 13.0";
			developmentRegion = en;
			hasScannedForEncodings = 0;
			knownRegions = (
				en,
				Base,
			);
			mainGroup = 9FAB4BE22895E28300364AC0;
			productRefGroup = 9FAB4BEC2895E28300364AC0 /* Products */;
			projectDirPath = "";
			projectRoot = "";
			targets = (
				9FAB4BEA2895E28300364AC0 /* PhotoGallery */,
			);
		};
/* End PBXProject section */

/* Begin PBXResourcesBuildPhase section */
		9FAB4BE92895E28300364AC0 /* Resources */ = {
			isa = PBXResourcesBuildPhase;
			buildActionMask = 2147483647;
			files = (
				9FAB4BF62895E28400364AC0 /* Preview Assets.xcassets in Resources */,
				9FAB4BF32895E28400364AC0 /* Assets.xcassets in Resources */,
			);
			runOnlyForDeploymentPostprocessing = 0;
		};
/* End PBXResourcesBuildPhase section */

/* Begin PBXSourcesBuildPhase section */
		9FAB4BE72895E28300364AC0 /* Sources */ = {
			isa = PBXSourcesBuildPhase;
			buildActionMask = 2147483647;
			files = (
				9FAB4BFD2895E2A800364AC0 /* PhotoModel.swift in Sources */,
				9F8D1165289C74C800C06564 /* MapViewModel.swift in Sources */,
				9FD5F77A289732C20058A543 /* AddView.swift in Sources */,
				9FD5F77F2899AC880058A543 /* EditView.swift in Sources */,
				9FD5F778289728740058A543 /* FileManager-DocumentsDirectory.swift in Sources */,
				9FAB4BF12895E28300364AC0 /* ContentView.swift in Sources */,
				9FAB4BFF2895E4DC00364AC0 /* GalleryView.swift in Sources */,
				9FD5F776289725F40058A543 /* ImagePicker.swift in Sources */,
				9FAB4BEF2895E28300364AC0 /* PhotoGalleryApp.swift in Sources */,
				9FAB4C012895E52B00364AC0 /* PhotoViewModel.swift in Sources */,
			);
			runOnlyForDeploymentPostprocessing = 0;
		};
/* End PBXSourcesBuildPhase section */

/* Begin XCBuildConfiguration section */
		9FAB4BF72895E28400364AC0 /* Debug */ = {
			isa = XCBuildConfiguration;
			buildSettings = {
				ALWAYS_SEARCH_USER_PATHS = NO;
				CLANG_ANALYZER_NONNULL = YES;
				CLANG_ANALYZER_NUMBER_OBJECT_CONVERSION = YES_AGGRESSIVE;
				CLANG_CXX_LANGUAGE_STANDARD = "gnu++17";
				CLANG_ENABLE_MODULES = YES;
				CLANG_ENABLE_OBJC_ARC = YES;
				CLANG_ENABLE_OBJC_WEAK = YES;
				CLANG_WARN_BLOCK_CAPTURE_AUTORELEASING = YES;
				CLANG_WARN_BOOL_CONVERSION = YES;
				CLANG_WARN_COMMA = YES;
				CLANG_WARN_CONSTANT_CONVERSION = YES;
				CLANG_WARN_DEPRECATED_OBJC_IMPLEMENTATIONS = YES;
				CLANG_WARN_DIRECT_OBJC_ISA_USAGE = YES_ERROR;
				CLANG_WARN_DOCUMENTATION_COMMENTS = YES;
				CLANG_WARN_EMPTY_BODY = YES;
				CLANG_WARN_ENUM_CONVERSION = YES;
				CLANG_WARN_INFINITE_RECURSION = YES;
				CLANG_WARN_INT_CONVERSION = YES;
				CLANG_WARN_NON_LITERAL_NULL_CONVERSION = YES;
				CLANG_WARN_OBJC_IMPLICIT_RETAIN_SELF = YES;
				CLANG_WARN_OBJC_LITERAL_CONVERSION = YES;
				CLANG_WARN_OBJC_ROOT_CLASS = YES_ERROR;
				CLANG_WARN_QUOTED_INCLUDE_IN_FRAMEWORK_HEADER = YES;
				CLANG_WARN_RANGE_LOOP_ANALYSIS = YES;
				CLANG_WARN_STRICT_PROTOTYPES = YES;
				CLANG_WARN_SUSPICIOUS_MOVE = YES;
				CLANG_WARN_UNGUARDED_AVAILABILITY = YES_AGGRESSIVE;
				CLANG_WARN_UNREACHABLE_CODE = YES;
				CLANG_WARN__DUPLICATE_METHOD_MATCH = YES;
				COPY_PHASE_STRIP = NO;
				DEBUG_INFORMATION_FORMAT = dwarf;
				ENABLE_STRICT_OBJC_MSGSEND = YES;
				ENABLE_TESTABILITY = YES;
				GCC_C_LANGUAGE_STANDARD = gnu11;
				GCC_DYNAMIC_NO_PIC = NO;
				GCC_NO_COMMON_BLOCKS = YES;
				GCC_OPTIMIZATION_LEVEL = 0;
				GCC_PREPROCESSOR_DEFINITIONS = (
					"DEBUG=1",
					"$(inherited)",
				);
				GCC_WARN_64_TO_32_BIT_CONVERSION = YES;
				GCC_WARN_ABOUT_RETURN_TYPE = YES_ERROR;
				GCC_WARN_UNDECLARED_SELECTOR = YES;
				GCC_WARN_UNINITIALIZED_AUTOS = YES_AGGRESSIVE;
				GCC_WARN_UNUSED_FUNCTION = YES;
				GCC_WARN_UNUSED_VARIABLE = YES;
				IPHONEOS_DEPLOYMENT_TARGET = 15.4;
				MTL_ENABLE_DEBUG_INFO = INCLUDE_SOURCE;
				MTL_FAST_MATH = YES;
				ONLY_ACTIVE_ARCH = YES;
				SDKROOT = iphoneos;
				SWIFT_ACTIVE_COMPILATION_CONDITIONS = DEBUG;
				SWIFT_OPTIMIZATION_LEVEL = "-Onone";
			};
			name = Debug;
		};
		9FAB4BF82895E28400364AC0 /* Release */ = {
			isa = XCBuildConfiguration;
			buildSettings = {
				ALWAYS_SEARCH_USER_PATHS = NO;
				CLANG_ANALYZER_NONNULL = YES;
				CLANG_ANALYZER_NUMBER_OBJECT_CONVERSION = YES_AGGRESSIVE;
				CLANG_CXX_LANGUAGE_STANDARD = "gnu++17";
				CLANG_ENABLE_MODULES = YES;
				CLANG_ENABLE_OBJC_ARC = YES;
				CLANG_ENABLE_OBJC_WEAK = YES;
				CLANG_WARN_BLOCK_CAPTURE_AUTORELEASING = YES;
				CLANG_WARN_BOOL_CONVERSION = YES;
				CLANG_WARN_COMMA = YES;
				CLANG_WARN_CONSTANT_CONVERSION = YES;
				CLANG_WARN_DEPRECATED_OBJC_IMPLEMENTATIONS = YES;
				CLANG_WARN_DIRECT_OBJC_ISA_USAGE = YES_ERROR;
				CLANG_WARN_DOCUMENTATION_COMMENTS = YES;
				CLANG_WARN_EMPTY_BODY = YES;
				CLANG_WARN_ENUM_CONVERSION = YES;
				CLANG_WARN_INFINITE_RECURSION = YES;
				CLANG_WARN_INT_CONVERSION = YES;
				CLANG_WARN_NON_LITERAL_NULL_CONVERSION = YES;
				CLANG_WARN_OBJC_IMPLICIT_RETAIN_SELF = YES;
				CLANG_WARN_OBJC_LITERAL_CONVERSION = YES;
				CLANG_WARN_OBJC_ROOT_CLASS = YES_ERROR;
				CLANG_WARN_QUOTED_INCLUDE_IN_FRAMEWORK_HEADER = YES;
				CLANG_WARN_RANGE_LOOP_ANALYSIS = YES;
				CLANG_WARN_STRICT_PROTOTYPES = YES;
				CLANG_WARN_SUSPICIOUS_MOVE = YES;
				CLANG_WARN_UNGUARDED_AVAILABILITY = YES_AGGRESSIVE;
				CLANG_WARN_UNREACHABLE_CODE = YES;
				CLANG_WARN__DUPLICATE_METHOD_MATCH = YES;
				COPY_PHASE_STRIP = NO;
				DEBUG_INFORMATION_FORMAT = "dwarf-with-dsym";
				ENABLE_NS_ASSERTIONS = NO;
				ENABLE_STRICT_OBJC_MSGSEND = YES;
				GCC_C_LANGUAGE_STANDARD = gnu11;
				GCC_NO_COMMON_BLOCKS = YES;
				GCC_WARN_64_TO_32_BIT_CONVERSION = YES;
				GCC_WARN_ABOUT_RETURN_TYPE = YES_ERROR;
				GCC_WARN_UNDECLARED_SELECTOR = YES;
				GCC_WARN_UNINITIALIZED_AUTOS = YES_AGGRESSIVE;
				GCC_WARN_UNUSED_FUNCTION = YES;
				GCC_WARN_UNUSED_VARIABLE = YES;
				IPHONEOS_DEPLOYMENT_TARGET = 15.4;
				MTL_ENABLE_DEBUG_INFO = NO;
				MTL_FAST_MATH = YES;
				SDKROOT = iphoneos;
				SWIFT_COMPILATION_MODE = wholemodule;
				SWIFT_OPTIMIZATION_LEVEL = "-O";
				VALIDATE_PRODUCT = YES;
			};
			name = Release;
		};
		9FAB4BFA2895E28400364AC0 /* Debug */ = {
			isa = XCBuildConfiguration;
			buildSettings = {
				ASSETCATALOG_COMPILER_APPICON_NAME = AppIcon;
				ASSETCATALOG_COMPILER_GLOBAL_ACCENT_COLOR_NAME = AccentColor;
				CODE_SIGN_STYLE = Automatic;
				CURRENT_PROJECT_VERSION = 1;
				DEVELOPMENT_ASSET_PATHS = "\"PhotoGallery/Preview Content\"";
				DEVELOPMENT_TEAM = J9T7CX8U3Q;
				ENABLE_PREVIEWS = YES;
				GENERATE_INFOPLIST_FILE = YES;
				INFOPLIST_KEY_NSLocationWhenInUseUsageDescription = "Give me your location data I want to sell them";
				INFOPLIST_KEY_UIApplicationSceneManifest_Generation = YES;
				INFOPLIST_KEY_UIApplicationSupportsIndirectInputEvents = YES;
				INFOPLIST_KEY_UILaunchScreen_Generation = YES;
				INFOPLIST_KEY_UISupportedInterfaceOrientations_iPad = "UIInterfaceOrientationPortrait UIInterfaceOrientationPortraitUpsideDown UIInterfaceOrientationLandscapeLeft UIInterfaceOrientationLandscapeRight";
				INFOPLIST_KEY_UISupportedInterfaceOrientations_iPhone = "UIInterfaceOrientationPortrait UIInterfaceOrientationLandscapeLeft UIInterfaceOrientationLandscapeRight";
				LD_RUNPATH_SEARCH_PATHS = (
					"$(inherited)",
					"@executable_path/Frameworks",
				);
				MARKETING_VERSION = 1.0;
				PRODUCT_BUNDLE_IDENTIFIER = DuckCode.PhotoGallery;
				PRODUCT_NAME = "$(TARGET_NAME)";
				SWIFT_EMIT_LOC_STRINGS = YES;
				SWIFT_VERSION = 5.0;
				TARGETED_DEVICE_FAMILY = "1,2";
			};
			name = Debug;
		};
		9FAB4BFB2895E28400364AC0 /* Release */ = {
			isa = XCBuildConfiguration;
			buildSettings = {
				ASSETCATALOG_COMPILER_APPICON_NAME = AppIcon;
				ASSETCATALOG_COMPILER_GLOBAL_ACCENT_COLOR_NAME = AccentColor;
				CODE_SIGN_STYLE = Automatic;
				CURRENT_PROJECT_VERSION = 1;
				DEVELOPMENT_ASSET_PATHS = "\"PhotoGallery/Preview Content\"";
				DEVELOPMENT_TEAM = J9T7CX8U3Q;
				ENABLE_PREVIEWS = YES;
				GENERATE_INFOPLIST_FILE = YES;
				INFOPLIST_KEY_NSLocationWhenInUseUsageDescription = "Give me your location data I want to sell them";
				INFOPLIST_KEY_UIApplicationSceneManifest_Generation = YES;
				INFOPLIST_KEY_UIApplicationSupportsIndirectInputEvents = YES;
				INFOPLIST_KEY_UILaunchScreen_Generation = YES;
				INFOPLIST_KEY_UISupportedInterfaceOrientations_iPad = "UIInterfaceOrientationPortrait UIInterfaceOrientationPortraitUpsideDown UIInterfaceOrientationLandscapeLeft UIInterfaceOrientationLandscapeRight";
				INFOPLIST_KEY_UISupportedInterfaceOrientations_iPhone = "UIInterfaceOrientationPortrait UIInterfaceOrientationLandscapeLeft UIInterfaceOrientationLandscapeRight";
				LD_RUNPATH_SEARCH_PATHS = (
					"$(inherited)",
					"@executable_path/Frameworks",
				);
				MARKETING_VERSION = 1.0;
				PRODUCT_BUNDLE_IDENTIFIER = DuckCode.PhotoGallery;
				PRODUCT_NAME = "$(TARGET_NAME)";
				SWIFT_EMIT_LOC_STRINGS = YES;
				SWIFT_VERSION = 5.0;
				TARGETED_DEVICE_FAMILY = "1,2";
			};
			name = Release;
		};
/* End XCBuildConfiguration section */

/* Begin XCConfigurationList section */
		9FAB4BE62895E28300364AC0 /* Build configuration list for PBXProject "PhotoGallery" */ = {
			isa = XCConfigurationList;
			buildConfigurations = (
				9FAB4BF72895E28400364AC0 /* Debug */,
				9FAB4BF82895E28400364AC0 /* Release */,
			);
			defaultConfigurationIsVisible = 0;
			defaultConfigurationName = Release;
		};
		9FAB4BF92895E28400364AC0 /* Build configuration list for PBXNativeTarget "PhotoGallery" */ = {
			isa = XCConfigurationList;
			buildConfigurations = (
				9FAB4BFA2895E28400364AC0 /* Debug */,
				9FAB4BFB2895E28400364AC0 /* Release */,
			);
			defaultConfigurationIsVisible = 0;
			defaultConfigurationName = Release;
		};
/* End XCConfigurationList section */
	};
	rootObject = 9FAB4BE32895E28300364AC0 /* Project object */;
}
